
Microsoft Visual Studio Solution File, Format Version 12.00
# Visual Studio Version 17
VisualStudioVersion = 17.9.34728.123
MinimumVisualStudioVersion = 10.0.40219.1
Project("{FAE04EC0-301F-11D3-BF4B-00C04F79EFBC}") = "FactorialParallel_Tasks", "FactorialParallel_Tasks.csproj", "{7E442BE0-94AC-4ACC-BD71-F3F4136EC29C}"
EndProject
Global
	GlobalSection(SolutionConfigurationPlatforms) = preSolution
		Debug|Any CPU = Debug|Any CPU
		Release|Any CPU = Release|Any CPU
	EndGlobalSection
	GlobalSection(ProjectConfigurationPlatforms) = postSolution
		{7E442BE0-94AC-4ACC-BD71-F3F4136EC29C}.Debug|Any CPU.ActiveCfg = Debug|Any CPU
		{7E442BE0-94AC-4ACC-BD71-F3F4136EC29C}.Debug|Any CPU.Build.0 = Debug|Any CPU
		{7E442BE0-94AC-4ACC-BD71-F3F4136EC29C}.Release|Any CPU.ActiveCfg = Release|Any CPU
		{7E442BE0-94AC-4ACC-BD71-F3F4136EC29C}.Release|Any CPU.Build.0 = Release|Any CPU
	EndGlobalSection
	GlobalSection(SolutionProperties) = preSolution
		HideSolutionNode = FALSE
	EndGlobalSection
	GlobalSection(ExtensibilityGlobals) = postSolution
		SolutionGuid = {855573ED-0A64-4FAC-A4DF-C04DD2E27C5D}
	EndGlobalSection
EndGlobal
